
Microsoft Visual Studio Solution File, Format Version 12.00
Project("{FAE04EC0-301F-11D3-BF4B-00C04F79EFBC}") = "Flowxel", "src\Flowxel\Flowxel.csproj", "{19ECE723-D2A0-41EF-9156-7280C4A65C14}"
EndProject
Project("{FAE04EC0-301F-11D3-BF4B-00C04F79EFBC}") = "Flowxel.Core", "src\Flowxel.Core\Flowxel.Core.csproj", "{494CBFF2-7895-4FA4-BB7E-869E410277D8}"
EndProject
Project("{FAE04EC0-301F-11D3-BF4B-00C04F79EFBC}") = "Flowxel.Graph", "src\Flowxel.Graph\Flowxel.Graph.csproj", "{63EA04F2-E36C-411A-AB61-B0DDCBC04788}"
EndProject
Project("{FAE04EC0-301F-11D3-BF4B-00C04F79EFBC}") = "Flowxel.Imaging", "src\Flowxel.Imaging\Flowxel.Imaging.csproj", "{ACD42B30-9863-4C1F-91B3-DE1FC29F1110}"
EndProject
Project("{2150E333-8FDC-42A3-9474-1A3956D46DE8}") = "src", "src", "{4A1F61EE-1412-48F2-9485-F8D0504C5082}"
EndProject
Project("{FAE04EC0-301F-11D3-BF4B-00C04F79EFBC}") = "Flowxel.Core.Tests", "tests\Flowxel.Core.Tests\Flowxel.Core.Tests.csproj", "{8B37D162-6F36-4B54-8A96-78396ED259F8}"
EndProject
Project("{FAE04EC0-301F-11D3-BF4B-00C04F79EFBC}") = "Flowxel.Graph.Tests", "tests\Flowxel.Graph.Tests\Flowxel.Graph.Tests.csproj", "{F3AE45F1-9B8A-4786-A3C8-3FA48BA4D80B}"
EndProject
Project("{FAE04EC0-301F-11D3-BF4B-00C04F79EFBC}") = "Flowxel.Imaging.Tests", "tests\Flowxel.Imaging.Tests\Flowxel.Imaging.Tests.csproj", "{28EE70D9-EF9B-4D11-ADEF-993BD96FA8AC}"
EndProject
Project("{2150E333-8FDC-42A3-9474-1A3956D46DE8}") = "tests", "tests", "{1E27A055-A744-4891-8D7F-2FE7970C5B75}"
EndProject
Global
	GlobalSection(SolutionConfigurationPlatforms) = preSolution
		Debug|Any CPU = Debug|Any CPU
		Release|Any CPU = Release|Any CPU
	EndGlobalSection
	GlobalSection(ProjectConfigurationPlatforms) = postSolution
		{19ECE723-D2A0-41EF-9156-7280C4A65C14}.Debug|Any CPU.ActiveCfg = Debug|Any CPU
		{19ECE723-D2A0-41EF-9156-7280C4A65C14}.Debug|Any CPU.Build.0 = Debug|Any CPU
		{19ECE723-D2A0-41EF-9156-7280C4A65C14}.Release|Any CPU.ActiveCfg = Release|Any CPU
		{19ECE723-D2A0-41EF-9156-7280C4A65C14}.Release|Any CPU.Build.0 = Release|Any CPU
		{494CBFF2-7895-4FA4-BB7E-869E410277D8}.Debug|Any CPU.ActiveCfg = Debug|Any CPU
		{494CBFF2-7895-4FA4-BB7E-869E410277D8}.Debug|Any CPU.Build.0 = Debug|Any CPU
		{494CBFF2-7895-4FA4-BB7E-869E410277D8}.Release|Any CPU.ActiveCfg = Release|Any CPU
		{494CBFF2-7895-4FA4-BB7E-869E410277D8}.Release|Any CPU.Build.0 = Release|Any CPU
		{63EA04F2-E36C-411A-AB61-B0DDCBC04788}.Debug|Any CPU.ActiveCfg = Debug|Any CPU
		{63EA04F2-E36C-411A-AB61-B0DDCBC04788}.Debug|Any CPU.Build.0 = Debug|Any CPU
		{63EA04F2-E36C-411A-AB61-B0DDCBC04788}.Release|Any CPU.ActiveCfg = Release|Any CPU
		{63EA04F2-E36C-411A-AB61-B0DDCBC04788}.Release|Any CPU.Build.0 = Release|Any CPU
		{ACD42B30-9863-4C1F-91B3-DE1FC29F1110}.Debug|Any CPU.ActiveCfg = Debug|Any CPU
		{ACD42B30-9863-4C1F-91B3-DE1FC29F1110}.Debug|Any CPU.Build.0 = Debug|Any CPU
		{ACD42B30-9863-4C1F-91B3-DE1FC29F1110}.Release|Any CPU.ActiveCfg = Release|Any CPU
		{ACD42B30-9863-4C1F-91B3-DE1FC29F1110}.Release|Any CPU.Build.0 = Release|Any CPU
		{8B37D162-6F36-4B54-8A96-78396ED259F8}.Debug|Any CPU.ActiveCfg = Debug|Any CPU
		{8B37D162-6F36-4B54-8A96-78396ED259F8}.Debug|Any CPU.Build.0 = Debug|Any CPU
		{8B37D162-6F36-4B54-8A96-78396ED259F8}.Release|Any CPU.ActiveCfg = Release|Any CPU
		{8B37D162-6F36-4B54-8A96-78396ED259F8}.Release|Any CPU.Build.0 = Release|Any CPU
		{F3AE45F1-9B8A-4786-A3C8-3FA48BA4D80B}.Debug|Any CPU.ActiveCfg = Debug|Any CPU
		{F3AE45F1-9B8A-4786-A3C8-3FA48BA4D80B}.Debug|Any CPU.Build.0 = Debug|Any CPU
		{F3AE45F1-9B8A-4786-A3C8-3FA48BA4D80B}.Release|Any CPU.ActiveCfg = Release|Any CPU
		{F3AE45F1-9B8A-4786-A3C8-3FA48BA4D80B}.Release|Any CPU.Build.0 = Release|Any CPU
		{28EE70D9-EF9B-4D11-ADEF-993BD96FA8AC}.Debug|Any CPU.ActiveCfg = Debug|Any CPU
		{28EE70D9-EF9B-4D11-ADEF-993BD96FA8AC}.Debug|Any CPU.Build.0 = Debug|Any CPU
		{28EE70D9-EF9B-4D11-ADEF-993BD96FA8AC}.Release|Any CPU.ActiveCfg = Release|Any CPU
		{28EE70D9-EF9B-4D11-ADEF-993BD96FA8AC}.Release|Any CPU.Build.0 = Release|Any CPU
	EndGlobalSection
	GlobalSection(NestedProjects) = preSolution
		{19ECE723-D2A0-41EF-9156-7280C4A65C14} = {4A1F61EE-1412-48F2-9485-F8D0504C5082}
		{494CBFF2-7895-4FA4-BB7E-869E410277D8} = {4A1F61EE-1412-48F2-9485-F8D0504C5082}
		{63EA04F2-E36C-411A-AB61-B0DDCBC04788} = {4A1F61EE-1412-48F2-9485-F8D0504C5082}
		{ACD42B30-9863-4C1F-91B3-DE1FC29F1110} = {4A1F61EE-1412-48F2-9485-F8D0504C5082}
		{8B37D162-6F36-4B54-8A96-78396ED259F8} = {1E27A055-A744-4891-8D7F-2FE7970C5B75}
		{F3AE45F1-9B8A-4786-A3C8-3FA48BA4D80B} = {1E27A055-A744-4891-8D7F-2FE7970C5B75}
		{28EE70D9-EF9B-4D11-ADEF-993BD96FA8AC} = {1E27A055-A744-4891-8D7F-2FE7970C5B75}
	EndGlobalSection
EndGlobal
